# This file is automatically @generated by Cargo.
# It is not intended for manual editing.
version = 4

[[package]]
name = "advent-of-rust"
version = "0.1.0"

[[package]]
name = "year2024day01"
version = "0.1.0"

[[package]]
name = "year2024day02"
version = "0.1.0"

[[package]]
name = "year2024day03"
version = "0.1.0"

[[package]]
name = "year2024day04"
version = "0.1.0"

[[package]]
name = "year2024day05"
version = "0.1.0"

[[package]]
name = "year2024day06"
version = "0.1.0"

[[package]]
name = "year2024day07"
version = "0.1.0"

[[package]]
name = "year2024day08"
version = "0.1.0"

[[package]]
name = "year2024day09"
version = "0.1.0"

[[package]]
name = "year2024day10"
version = "0.1.0"

[[package]]
name = "year2024day11"
version = "0.1.0"

[[package]]
name = "year2024day12"
version = "0.1.0"

[[package]]
name = "year2024day13"
version = "0.1.0"

[[package]]
name = "year2024day14"
version = "0.1.0"

[[package]]
name = "year2024day15"
version = "0.1.0"

[[package]]
name = "year2024day16"
version = "0.1.0"

[[package]]
name = "year2024day17"
version = "0.1.0"

[[package]]
name = "year2024day18"
version = "0.1.0"

[[package]]
name = "year2025day01"
version = "0.1.0"

[[package]]
name = "year2025day02"
version = "0.1.0"

[[package]]
name = "year2025day03"
version = "0.1.0"

[[package]]
name = "year2025day04"
version = "0.1.0"

[[package]]
name = "year2025day05"
version = "0.1.0"

[[package]]
name = "year2025day06"
version = "0.1.0"

[[package]]
name = "year2025day07"
version = "0.1.0"

[[package]]
name = "year2025day08"
version = "0.1.0"

[[package]]
name = "year2025day09"
version = "0.1.0"

[[package]]
name = "year2025day10"
version = "0.1.0"

[[package]]
name = "year2025day11"
version = "0.1.0"

[[package]]
name = "year2025day12"
version = "0.1.0"
