# This file is automatically @generated by Cargo.
# It is not intended for manual editing.
version = 4

[[package]]
name = "advent-of-rust"
version = "0.1.0"

[[package]]
name = "year2021day01"
version = "0.1.0"

[[package]]
name = "year2021day02"
version = "0.1.0"

[[package]]
name = "year2021day03"
version = "0.1.0"

[[package]]
name = "year2021day04"
version = "0.1.0"

[[package]]
name = "year2021day05"
version = "0.1.0"

[[package]]
name = "year2021day06"
version = "0.1.0"

[[package]]
name = "year2021day07"
version = "0.1.0"

[[package]]
name = "year2021day08"
version = "0.1.0"

[[package]]
name = "year2021day09"
version = "0.1.0"

[[package]]
name = "year2021day10"
version = "0.1.0"

[[package]]
name = "year2021day11"
version = "0.1.0"

[[package]]
name = "year2021day12"
version = "0.1.0"

[[package]]
name = "year2021day13"
version = "0.1.0"

[[package]]
name = "year2021day14"
version = "0.1.0"

[[package]]
name = "year2021day15"
version = "0.1.0"

[[package]]
name = "year2022day01"
version = "0.1.0"

[[package]]
name = "year2022day02"
version = "0.1.0"

[[package]]
name = "year2022day03"
version = "0.1.0"

[[package]]
name = "year2022day04"
version = "0.1.0"

[[package]]
name = "year2022day05"
version = "0.1.0"

[[package]]
name = "year2022day06"
version = "0.1.0"

[[package]]
name = "year2022day07"
version = "0.1.0"

[[package]]
name = "year2022day08"
version = "0.1.0"

[[package]]
name = "year2022day09"
version = "0.1.0"

[[package]]
name = "year2022day10"
version = "0.1.0"

[[package]]
name = "year2022day11"
version = "0.1.0"

[[package]]
name = "year2022day12"
version = "0.1.0"

[[package]]
name = "year2022day13"
version = "0.1.0"

[[package]]
name = "year2022day14"
version = "0.1.0"

[[package]]
name = "year2022day15"
version = "0.1.0"

[[package]]
name = "year2022day16"
version = "0.1.0"

[[package]]
name = "year2022day17"
version = "0.1.0"

[[package]]
name = "year2022day18"
version = "0.1.0"

[[package]]
name = "year2022day19"
version = "0.1.0"

[[package]]
name = "year2022day20"
version = "0.1.0"

[[package]]
name = "year2022day21"
version = "0.1.0"

[[package]]
name = "year2023day01"
version = "0.1.0"

[[package]]
name = "year2023day02"
version = "0.1.0"

[[package]]
name = "year2023day03"
version = "0.1.0"

[[package]]
name = "year2023day04"
version = "0.1.0"

[[package]]
name = "year2023day05"
version = "0.1.0"

[[package]]
name = "year2023day06"
version = "0.1.0"

[[package]]
name = "year2023day07"
version = "0.1.0"

[[package]]
name = "year2023day08"
version = "0.1.0"

[[package]]
name = "year2023day09"
version = "0.1.0"

[[package]]
name = "year2023day10"
version = "0.1.0"

[[package]]
name = "year2023day11"
version = "0.1.0"

[[package]]
name = "year2023day12"
version = "0.1.0"

[[package]]
name = "year2023day13"
version = "0.1.0"

[[package]]
name = "year2023day14"
version = "0.1.0"

[[package]]
name = "year2023day15"
version = "0.1.0"

[[package]]
name = "year2023day16"
version = "0.1.0"

[[package]]
name = "year2023day17"
version = "0.1.0"

[[package]]
name = "year2023day18"
version = "0.1.0"

[[package]]
name = "year2023day19"
version = "0.1.0"

[[package]]
name = "year2023day20"
version = "0.1.0"

[[package]]
name = "year2023day21"
version = "0.1.0"

[[package]]
name = "year2024day01"
version = "0.1.0"

[[package]]
name = "year2024day02"
version = "0.1.0"

[[package]]
name = "year2024day03"
version = "0.1.0"

[[package]]
name = "year2024day04"
version = "0.1.0"

[[package]]
name = "year2024day05"
version = "0.1.0"

[[package]]
name = "year2024day06"
version = "0.1.0"

[[package]]
name = "year2024day07"
version = "0.1.0"

[[package]]
name = "year2024day08"
version = "0.1.0"

[[package]]
name = "year2024day09"
version = "0.1.0"

[[package]]
name = "year2024day10"
version = "0.1.0"

[[package]]
name = "year2024day11"
version = "0.1.0"

[[package]]
name = "year2024day12"
version = "0.1.0"

[[package]]
name = "year2024day13"
version = "0.1.0"

[[package]]
name = "year2024day14"
version = "0.1.0"

[[package]]
name = "year2024day15"
version = "0.1.0"

[[package]]
name = "year2024day16"
version = "0.1.0"

[[package]]
name = "year2024day17"
version = "0.1.0"

[[package]]
name = "year2024day18"
version = "0.1.0"

[[package]]
name = "year2024day19"
version = "0.1.0"

[[package]]
name = "year2024day20"
version = "0.1.0"

[[package]]
name = "year2024day21"
version = "0.1.0"

[[package]]
name = "year2024day22"
version = "0.1.0"

[[package]]
name = "year2024day23"
version = "0.1.0"

[[package]]
name = "year2024day24"
version = "0.1.0"

[[package]]
name = "year2024day25"
version = "0.1.0"

[[package]]
name = "year2025day01"
version = "0.1.0"

[[package]]
name = "year2025day02"
version = "0.1.0"

[[package]]
name = "year2025day03"
version = "0.1.0"

[[package]]
name = "year2025day04"
version = "0.1.0"

[[package]]
name = "year2025day05"
version = "0.1.0"

[[package]]
name = "year2025day06"
version = "0.1.0"

[[package]]
name = "year2025day07"
version = "0.1.0"

[[package]]
name = "year2025day08"
version = "0.1.0"

[[package]]
name = "year2025day09"
version = "0.1.0"

[[package]]
name = "year2025day10"
version = "0.1.0"

[[package]]
name = "year2025day11"
version = "0.1.0"

[[package]]
name = "year2025day12"
version = "0.1.0"
